[[package]]
name = "aspose-words"
version = "23.3.0"
description = "Aspose.Words for Python is a Document Processing library that allows developers to work with documents in many popular formats without needing Office Automation."
category = "main"
optional = false
python-versions = ">=3.5,<3.12"

[[package]]
name = "pillow"
version = "9.4.0"
description = "Python Imaging Library (Fork)"
category = "main"
optional = false
python-versions = ">=3.7"

[package.extras]
docs = ["furo", "olefile", "sphinx (>=2.4)", "sphinx-copybutton", "sphinx-inline-tabs", "sphinx-issues (>=3.0.1)", "sphinx-removed-in", "sphinxext-opengraph"]
tests = ["check-manifest", "coverage", "defusedxml", "markdown2", "olefile", "packaging", "pyroma", "pytest", "pytest-cov", "pytest-timeout"]

[[package]]
name = "pyyaml"
version = "6.0"
description = "YAML parser and emitter for Python"
category = "main"
optional = false
python-versions = ">=3.6"

[metadata]
lock-version = "1.1"
python-versions = "3.10"
content-hash = "38f6a68fea08531fc5972837aa38116d1c5f09ff9c9297b11ba3320a1ffa0635"

[metadata.files]
aspose-words = []
pillow = []
pyyaml = []
